// !$*UTF8*$!
{
	archiveVersion = 1;
	classes = {
	};
	objectVersion = 77;
	objects = {

/* Begin PBXContainerItemProxy section */
		1CA00FAA2E624A35006A7314 /* PBXContainerItemProxy */ = {
			isa = PBXContainerItemProxy;
			containerPortal = 1CA00F942E624A33006A7314 /* Project object */;
			proxyType = 1;
			remoteGlobalIDString = 1CA00F9B2E624A33006A7314;
			remoteInfo = CalculatorChallenge;
		};
		1CA00FB42E624A35006A7314 /* PBXContainerItemProxy */ = {
			isa = PBXContainerItemProxy;
			containerPortal = 1CA00F942E624A33006A7314 /* Project object */;
			proxyType = 1;
			remoteGlobalIDString = 1CA00F9B2E624A33006A7314;
			remoteInfo = CalculatorChallenge;
		};
/* End PBXContainerItemProxy section */

/* Begin PBXFileReference section */
		1CA00F9C2E624A33006A7314 /* CalculatorChallenge.app */ = {isa = PBXFileReference; explicitFileType = wrapper.application; includeInIndex = 0; path = CalculatorChallenge.app; sourceTree = BUILT_PRODUCTS_DIR; };
		1CA00FA92E624A35006A7314 /* CalculatorChallengeTests.xctest */ = {isa = PBXFileReference; explicitFileType = wrapper.cfbundle; includeInIndex = 0; path = CalculatorChallengeTests.xctest; sourceTree = BUILT_PRODUCTS_DIR; };
		1CA00FB32E624A35006A7314 /* CalculatorChallengeUITests.xctest */ = {isa = PBXFileReference; explicitFileType = wrapper.cfbundle; includeInIndex = 0; path = CalculatorChallengeUITests.xctest; sourceTree = BUILT_PRODUCTS_DIR; };
/* End PBXFileReference section */

/* Begin PBXFileSystemSynchronizedBuildFileExceptionSet section */
		1CC76DEB2E6A09B700C47240 /* Exceptions for "CalculatorChallengeUITests" folder in "CalculatorChallengeTests" target */ = {
			isa = PBXFileSystemSynchronizedBuildFileExceptionSet;
			membershipExceptions = (
				CalculatorChallengeTests/CalculatorChallengeTests.swift,
			);
			target = 1CA00FA82E624A35006A7314 /* CalculatorChallengeTests */;
		};
		1CC76DEC2E6A09B700C47240 /* Exceptions for "CalculatorChallengeUITests" folder in "CalculatorChallengeUITests" target */ = {
			isa = PBXFileSystemSynchronizedBuildFileExceptionSet;
			membershipExceptions = (
				CalculatorChallengeTests/CalculatorChallengeTests.swift,
			);
			target = 1CA00FB22E624A35006A7314 /* CalculatorChallengeUITests */;
		};
/* End PBXFileSystemSynchronizedBuildFileExceptionSet section */

/* Begin PBXFileSystemSynchronizedRootGroup section */
		1CA00F9E2E624A33006A7314 /* CalculatorChallenge */ = {
			isa = PBXFileSystemSynchronizedRootGroup;
			path = CalculatorChallenge;
			sourceTree = "<group>";
		};
		1CA00FB62E624A35006A7314 /* CalculatorChallengeUITests */ = {
			isa = PBXFileSystemSynchronizedRootGroup;
			exceptions = (
				1CC76DEB2E6A09B700C47240 /* Exceptions for "CalculatorChallengeUITests" folder in "CalculatorChallengeTests" target */,
				1CC76DEC2E6A09B700C47240 /* Exceptions for "CalculatorChallengeUITests" folder in "CalculatorChallengeUITests" target */,
			);
			path = CalculatorChallengeUITests;
			sourceTree = "<group>";
		};
/* End PBXFileSystemSynchronizedRootGroup section */

/* Begin PBXFrameworksBuildPhase section */
		1CA00F992E624A33006A7314 /* Frameworks */ = {
			isa = PBXFrameworksBuildPhase;
			buildActionMask = 2147483647;
			files = (
			);
			runOnlyForDeploymentPostprocessing = 0;
		};
		1CA00FA62E624A35006A7314 /* Frameworks */ = {
			isa = PBXFrameworksBuildPhase;
			buildActionMask = 2147483647;
			files = (
			);
			runOnlyForDeploymentPostprocessing = 0;
		};
		1CA00FB02E624A35006A7314 /* Frameworks */ = {
			isa = PBXFrameworksBuildPhase;
			buildActionMask = 2147483647;
			files = (
			);
			runOnlyForDeploymentPostprocessing = 0;
		};
/* End PBXFrameworksBuildPhase section */

/* Begin PBXGroup section */
		1CA00F932E624A33006A7314 = {
			isa = PBXGroup;
			children = (
				1CA00F9E2E624A33006A7314 /* CalculatorChallenge */,
				1CA00FB62E624A35006A7314 /* CalculatorChallengeUITests */,
				1CA00F9D2E624A33006A7314 /* Products */,
			);
			sourceTree = "<group>";
		};
		1CA00F9D2E624A33006A7314 /* Products */ = {
			isa = PBXGroup;
			children = (
				1CA00F9C2E624A33006A7314 /* CalculatorChallenge.app */,
				1CA00FA92E624A35006A7314 /* CalculatorChallengeTests.xctest */,
				1CA00FB32E624A35006A7314 /* CalculatorChallengeUITests.xctest */,
			);
			name = Products;
			sourceTree = "<group>";
		};
/* End PBXGroup section */

/* Begin PBXNativeTarget section */
		1CA00F9B2E624A33006A7314 /* CalculatorChallenge */ = {
			isa = PBXNativeTarget;
			buildConfigurationList = 1CA00FBD2E624A35006A7314 /* Build configuration list for PBXNativeTarget "CalculatorChallenge" */;
			buildPhases = (
				1CA00F982E624A33006A7314 /* Sources */,
				1CA00F992E624A33006A7314 /* Frameworks */,
				1CA00F9A2E624A33006A7314 /* Resources */,
			);
			buildRules = (
			);
			dependencies = (
			);
			fileSystemSynchronizedGroups = (
				1CA00F9E2E624A33006A7314 /* CalculatorChallenge */,
			);
			name = CalculatorChallenge;
			packageProductDependencies = (
			);
			productName = CalculatorChallenge;
			productReference = 1CA00F9C2E624A33006A7314 /* CalculatorChallenge.app */;
			productType = "com.apple.product-type.application";
		};
		1CA00FA82E624A35006A7314 /* CalculatorChallengeTests */ = {
			isa = PBXNativeTarget;
			buildConfigurationList = 1CA00FC02E624A35006A7314 /* Build configuration list for PBXNativeTarget "CalculatorChallengeTests" */;
			buildPhases = (
				1CA00FA52E624A35006A7314 /* Sources */,
				1CA00FA62E624A35006A7314 /* Frameworks */,
				1CA00FA72E624A35006A7314 /* Resources */,
			);
			buildRules = (
			);
			dependencies = (
				1CA00FAB2E624A35006A7314 /* PBXTargetDependency */,
			);
			name = CalculatorChallengeTests;
			packageProductDependencies = (
			);
			productName = CalculatorChallengeTests;
			productReference = 1CA00FA92E624A35006A7314 /* CalculatorChallengeTests.xctest */;
			productType = "com.apple.product-type.bundle.unit-test";
		};
		1CA00FB22E624A35006A7314 /* CalculatorChallengeUITests */ = {
			isa = PBXNativeTarget;
			buildConfigurationList = 1CA00FC32E624A35006A7314 /* Build configuration list for PBXNativeTarget "CalculatorChallengeUITests" */;
			buildPhases = (
				1CA00FAF2E624A35006A7314 /* Sources */,
				1CA00FB02E624A35006A7314 /* Frameworks */,
				1CA00FB12E624A35006A7314 /* Resources */,
			);
			buildRules = (
			);
			dependencies = (
				1CA00FB52E624A35006A7314 /* PBXTargetDependency */,
			);
			fileSystemSynchronizedGroups = (
				1CA00FB62E624A35006A7314 /* CalculatorChallengeUITests */,
			);
			name = CalculatorChallengeUITests;
			packageProductDependencies = (
			);
			productName = CalculatorChallengeUITests;
			productReference = 1CA00FB32E624A35006A7314 /* CalculatorChallengeUITests.xctest */;
			productType = "com.apple.product-type.bundle.ui-testing";
		};
/* End PBXNativeTarget section */

/* Begin PBXProject section */
		1CA00F942E624A33006A7314 /* Project object */ = {
			isa = PBXProject;
			attributes = {
				BuildIndependentTargetsInParallel = 1;
				LastSwiftUpdateCheck = 1640;
				LastUpgradeCheck = 1640;
				TargetAttributes = {
					1CA00F9B2E624A33006A7314 = {
						CreatedOnToolsVersion = 16.4;
					};
					1CA00FA82E624A35006A7314 = {
						CreatedOnToolsVersion = 16.4;
						TestTargetID = 1CA00F9B2E624A33006A7314;
					};
					1CA00FB22E624A35006A7314 = {
						CreatedOnToolsVersion = 16.4;
						TestTargetID = 1CA00F9B2E624A33006A7314;
					};
				};
			};
			buildConfigurationList = 1CA00F972E624A33006A7314 /* Build configuration list for PBXProject "CalculatorChallenge" */;
			developmentRegion = en;
			hasScannedForEncodings = 0;
			knownRegions = (
				en,
				Base,
			);
			mainGroup = 1CA00F932E624A33006A7314;
			minimizedProjectReferenceProxies = 1;
			preferredProjectObjectVersion = 77;
			productRefGroup = 1CA00F9D2E624A33006A7314 /* Products */;
			projectDirPath = "";
			projectRoot = "";
			targets = (
				1CA00F9B2E624A33006A7314 /* CalculatorChallenge */,
				1CA00FA82E624A35006A7314 /* CalculatorChallengeTests */,
				1CA00FB22E624A35006A7314 /* CalculatorChallengeUITests */,
			);
		};
/* End PBXProject section */

/* Begin PBXResourcesBuildPhase section */
		1CA00F9A2E624A33006A7314 /* Resources */ = {
			isa = PBXResourcesBuildPhase;
			buildActionMask = 2147483647;
			files = (
			);
			runOnlyForDeploymentPostprocessing = 0;
		};
		1CA00FA72E624A35006A7314 /* Resources */ = {
			isa = PBXResourcesBuildPhase;
			buildActionMask = 2147483647;
			files = (
			);
			runOnlyForDeploymentPostprocessing = 0;
		};
		1CA00FB12E624A35006A7314 /* Resources */ = {
			isa = PBXResourcesBuildPhase;
			buildActionMask = 2147483647;
			files = (
			);
			runOnlyForDeploymentPostprocessing = 0;
		};
/* End PBXResourcesBuildPhase section */

/* Begin PBXSourcesBuildPhase section */
		1CA00F982E624A33006A7314 /* Sources */ = {
			isa = PBXSourcesBuildPhase;
			buildActionMask = 2147483647;
			files = (
			);
			runOnlyForDeploymentPostprocessing = 0;
		};
		1CA00FA52E624A35006A7314 /* Sources */ = {
			isa = PBXSourcesBuildPhase;
			buildActionMask = 2147483647;
			files = (
			);
			runOnlyForDeploymentPostprocessing = 0;
		};
		1CA00FAF2E624A35006A7314 /* Sources */ = {
			isa = PBXSourcesBuildPhase;
			buildActionMask = 2147483647;
			files = (
			);
			runOnlyForDeploymentPostprocessing = 0;
		};
/* End PBXSourcesBuildPhase section */

/* Begin PBXTargetDependency section */
		1CA00FAB2E624A35006A7314 /* PBXTargetDependency */ = {
			isa = PBXTargetDependency;
			target = 1CA00F9B2E624A33006A7314 /* CalculatorChallenge */;
			targetProxy = 1CA00FAA2E624A35006A7314 /* PBXContainerItemProxy */;
		};
		1CA00FB52E624A35006A7314 /* PBXTargetDependency */ = {
			isa = PBXTargetDependency;
			target = 1CA00F9B2E624A33006A7314 /* CalculatorChallenge */;
			targetProxy = 1CA00FB42E624A35006A7314 /* PBXContainerItemProxy */;
		};
/* End PBXTargetDependency section */

/* Begin XCBuildConfiguration section */
		1CA00FBB2E624A35006A7314 /* Debug */ = {
			isa = XCBuildConfiguration;
			buildSettings = {
				ALWAYS_SEARCH_USER_PATHS = NO;
				ASSETCATALOG_COMPILER_GENERATE_SWIFT_ASSET_SYMBOL_EXTENSIONS = YES;
				CLANG_ANALYZER_NONNULL = YES;
				CLANG_ANALYZER_NUMBER_OBJECT_CONVERSION = YES_AGGRESSIVE;
				CLANG_CXX_LANGUAGE_STANDARD = "gnu++20";
				CLANG_ENABLE_MODULES = YES;
				CLANG_ENABLE_OBJC_ARC = YES;
				CLANG_ENABLE_OBJC_WEAK = YES;
				CLANG_WARN_BLOCK_CAPTURE_AUTORELEASING = YES;
				CLANG_WARN_BOOL_CONVERSION = YES;
				CLANG_WARN_COMMA = YES;
				CLANG_WARN_CONSTANT_CONVERSION = YES;
				CLANG_WARN_DEPRECATED_OBJC_IMPLEMENTATIONS = YES;
				CLANG_WARN_DIRECT_OBJC_ISA_USAGE = YES_ERROR;
				CLANG_WARN_DOCUMENTATION_COMMENTS = YES;
				CLANG_WARN_EMPTY_BODY = YES;
				CLANG_WARN_ENUM_CONVERSION = YES;
				CLANG_WARN_INFINITE_RECURSION = YES;
				CLANG_WARN_INT_CONVERSION = YES;
				CLANG_WARN_NON_LITERAL_NULL_CONVERSION = YES;
				CLANG_WARN_OBJC_IMPLICIT_RETAIN_SELF = YES;
				CLANG_WARN_OBJC_LITERAL_CONVERSION = YES;
				CLANG_WARN_OBJC_ROOT_CLASS = YES_ERROR;
				CLANG_WARN_QUOTED_INCLUDE_IN_FRAMEWORK_HEADER = YES;
				CLANG_WARN_RANGE_LOOP_ANALYSIS = YES;
				CLANG_WARN_STRICT_PROTOTYPES = YES;
				CLANG_WARN_SUSPICIOUS_MOVE = YES;
				CLANG_WARN_UNGUARDED_AVAILABILITY = YES_AGGRESSIVE;
				CLANG_WARN_UNREACHABLE_CODE = YES;
				CLANG_WARN__DUPLICATE_METHOD_MATCH = YES;
				COPY_PHASE_STRIP = NO;
				DEBUG_INFORMATION_FORMAT = dwarf;
				DEVELOPMENT_TEAM = 3SGXPJAJQJ;
				ENABLE_STRICT_OBJC_MSGSEND = YES;
				ENABLE_TESTABILITY = YES;
				ENABLE_USER_SCRIPT_SANDBOXING = YES;
				GCC_C_LANGUAGE_STANDARD = gnu17;
				GCC_DYNAMIC_NO_PIC = NO;
				GCC_NO_COMMON_BLOCKS = YES;
				GCC_OPTIMIZATION_LEVEL = 0;
				GCC_PREPROCESSOR_DEFINITIONS = (
					"DEBUG=1",
					"$(inherited)",
				);
				GCC_WARN_64_TO_32_BIT_CONVERSION = YES;
				GCC_WARN_ABOUT_RETURN_TYPE = YES_ERROR;
				GCC_WARN_UNDECLARED_SELECTOR = YES;
				GCC_WARN_UNINITIALIZED_AUTOS = YES_AGGRESSIVE;
				GCC_WARN_UNUSED_FUNCTION = YES;
				GCC_WARN_UNUSED_VARIABLE = YES;
				IPHONEOS_DEPLOYMENT_TARGET = 18.5;
				LOCALIZATION_PREFERS_STRING_CATALOGS = YES;
				MTL_ENABLE_DEBUG_INFO = INCLUDE_SOURCE;
				MTL_FAST_MATH = YES;
				ONLY_ACTIVE_ARCH = YES;
				SDKROOT = iphoneos;
				SWIFT_ACTIVE_COMPILATION_CONDITIONS = "DEBUG $(inherited)";
				SWIFT_OPTIMIZATION_LEVEL = "-Onone";
			};
			name = Debug;
		};
		1CA00FBC2E624A35006A7314 /* Release */ = {
			isa = XCBuildConfiguration;
			buildSettings = {
				ALWAYS_SEARCH_USER_PATHS = NO;
				ASSETCATALOG_COMPILER_GENERATE_SWIFT_ASSET_SYMBOL_EXTENSIONS = YES;
				CLANG_ANALYZER_NONNULL = YES;
				CLANG_ANALYZER_NUMBER_OBJECT_CONVERSION = YES_AGGRESSIVE;
				CLANG_CXX_LANGUAGE_STANDARD = "gnu++20";
				CLANG_ENABLE_MODULES = YES;
				CLANG_ENABLE_OBJC_ARC = YES;
				CLANG_ENABLE_OBJC_WEAK = YES;
				CLANG_WARN_BLOCK_CAPTURE_AUTORELEASING = YES;
				CLANG_WARN_BOOL_CONVERSION = YES;
				CLANG_WARN_COMMA = YES;
				CLANG_WARN_CONSTANT_CONVERSION = YES;
				CLANG_WARN_DEPRECATED_OBJC_IMPLEMENTATIONS = YES;
				CLANG_WARN_DIRECT_OBJC_ISA_USAGE = YES_ERROR;
				CLANG_WARN_DOCUMENTATION_COMMENTS = YES;
				CLANG_WARN_EMPTY_BODY = YES;
				CLANG_WARN_ENUM_CONVERSION = YES;
				CLANG_WARN_INFINITE_RECURSION = YES;
				CLANG_WARN_INT_CONVERSION = YES;
				CLANG_WARN_NON_LITERAL_NULL_CONVERSION = YES;
				CLANG_WARN_OBJC_IMPLICIT_RETAIN_SELF = YES;
				CLANG_WARN_OBJC_LITERAL_CONVERSION = YES;
				CLANG_WARN_OBJC_ROOT_CLASS = YES_ERROR;
				CLANG_WARN_QUOTED_INCLUDE_IN_FRAMEWORK_HEADER = YES;
				CLANG_WARN_RANGE_LOOP_ANALYSIS = YES;
				CLANG_WARN_STRICT_PROTOTYPES = YES;
				CLANG_WARN_SUSPICIOUS_MOVE = YES;
				CLANG_WARN_UNGUARDED_AVAILABILITY = YES_AGGRESSIVE;
				CLANG_WARN_UNREACHABLE_CODE = YES;
				CLANG_WARN__DUPLICATE_METHOD_MATCH = YES;
				COPY_PHASE_STRIP = NO;
				DEBUG_INFORMATION_FORMAT = "dwarf-with-dsym";
				DEVELOPMENT_TEAM = 3SGXPJAJQJ;
				ENABLE_NS_ASSERTIONS = NO;
				ENABLE_STRICT_OBJC_MSGSEND = YES;
				ENABLE_USER_SCRIPT_SANDBOXING = YES;
				GCC_C_LANGUAGE_STANDARD = gnu17;
				GCC_NO_COMMON_BLOCKS = YES;
				GCC_WARN_64_TO_32_BIT_CONVERSION = YES;
				GCC_WARN_ABOUT_RETURN_TYPE = YES_ERROR;
				GCC_WARN_UNDECLARED_SELECTOR = YES;
				GCC_WARN_UNINITIALIZED_AUTOS = YES_AGGRESSIVE;
				GCC_WARN_UNUSED_FUNCTION = YES;
				GCC_WARN_UNUSED_VARIABLE = YES;
				IPHONEOS_DEPLOYMENT_TARGET = 18.5;
				LOCALIZATION_PREFERS_STRING_CATALOGS = YES;
				MTL_ENABLE_DEBUG_INFO = NO;
				MTL_FAST_MATH = YES;
				SDKROOT = iphoneos;
				SWIFT_COMPILATION_MODE = wholemodule;
				VALIDATE_PRODUCT = YES;
			};
			name = Release;
		};
		1CA00FBE2E624A35006A7314 /* Debug */ = {
			isa = XCBuildConfiguration;
			buildSettings = {
				ASSETCATALOG_COMPILER_APPICON_NAME = AppIcon;
				ASSETCATALOG_COMPILER_GLOBAL_ACCENT_COLOR_NAME = AccentColor;
				CODE_SIGN_STYLE = Automatic;
				CURRENT_PROJECT_VERSION = 1;
				DEVELOPMENT_TEAM = 3SGXPJAJQJ;
				ENABLE_PREVIEWS = YES;
				GENERATE_INFOPLIST_FILE = YES;
				INFOPLIST_KEY_UIApplicationSceneManifest_Generation = YES;
				INFOPLIST_KEY_UIApplicationSupportsIndirectInputEvents = YES;
				INFOPLIST_KEY_UILaunchScreen_Generation = YES;
				INFOPLIST_KEY_UISupportedInterfaceOrientations_iPad = "UIInterfaceOrientationPortrait UIInterfaceOrientationPortraitUpsideDown UIInterfaceOrientationLandscapeLeft UIInterfaceOrientationLandscapeRight";
				INFOPLIST_KEY_UISupportedInterfaceOrientations_iPhone = "UIInterfaceOrientationPortrait UIInterfaceOrientationLandscapeLeft UIInterfaceOrientationLandscapeRight";
				LD_RUNPATH_SEARCH_PATHS = (
					"$(inherited)",
					"@executable_path/Frameworks",
				);
				MARKETING_VERSION = 1.0;
				PRODUCT_BUNDLE_IDENTIFIER = CTC.CalculatorChallenge;
				PRODUCT_NAME = "$(TARGET_NAME)";
				SWIFT_EMIT_LOC_STRINGS = YES;
				SWIFT_VERSION = 5.0;
				TARGETED_DEVICE_FAMILY = "1,2";
			};
			name = Debug;
		};
		1CA00FBF2E624A35006A7314 /* Release */ = {
			isa = XCBuildConfiguration;
			buildSettings = {
				ASSETCATALOG_COMPILER_APPICON_NAME = AppIcon;
				ASSETCATALOG_COMPILER_GLOBAL_ACCENT_COLOR_NAME = AccentColor;
				CODE_SIGN_STYLE = Automatic;
				CURRENT_PROJECT_VERSION = 1;
				DEVELOPMENT_TEAM = 3SGXPJAJQJ;
				ENABLE_PREVIEWS = YES;
				GENERATE_INFOPLIST_FILE = YES;
				INFOPLIST_KEY_UIApplicationSceneManifest_Generation = YES;
				INFOPLIST_KEY_UIApplicationSupportsIndirectInputEvents = YES;
				INFOPLIST_KEY_UILaunchScreen_Generation = YES;
				INFOPLIST_KEY_UISupportedInterfaceOrientations_iPad = "UIInterfaceOrientationPortrait UIInterfaceOrientationPortraitUpsideDown UIInterfaceOrientationLandscapeLeft UIInterfaceOrientationLandscapeRight";
				INFOPLIST_KEY_UISupportedInterfaceOrientations_iPhone = "UIInterfaceOrientationPortrait UIInterfaceOrientationLandscapeLeft UIInterfaceOrientationLandscapeRight";
				LD_RUNPATH_SEARCH_PATHS = (
					"$(inherited)",
					"@executable_path/Frameworks",
				);
				MARKETING_VERSION = 1.0;
				PRODUCT_BUNDLE_IDENTIFIER = CTC.CalculatorChallenge;
				PRODUCT_NAME = "$(TARGET_NAME)";
				SWIFT_EMIT_LOC_STRINGS = YES;
				SWIFT_VERSION = 5.0;
				TARGETED_DEVICE_FAMILY = "1,2";
			};
			name = Release;
		};
		1CA00FC12E624A35006A7314 /* Debug */ = {
			isa = XCBuildConfiguration;
			buildSettings = {
				BUNDLE_LOADER = "$(TEST_HOST)";
				CODE_SIGN_STYLE = Automatic;
				CURRENT_PROJECT_VERSION = 1;
				DEVELOPMENT_TEAM = 3SGXPJAJQJ;
				GENERATE_INFOPLIST_FILE = YES;
				IPHONEOS_DEPLOYMENT_TARGET = 18.5;
				MARKETING_VERSION = 1.0;
				PRODUCT_BUNDLE_IDENTIFIER = CTC.CalculatorChallengeTests;
				PRODUCT_NAME = "$(TARGET_NAME)";
				SWIFT_EMIT_LOC_STRINGS = NO;
				SWIFT_VERSION = 5.0;
				TARGETED_DEVICE_FAMILY = "1,2";
				TEST_HOST = "$(BUILT_PRODUCTS_DIR)/CalculatorChallenge.app/$(BUNDLE_EXECUTABLE_FOLDER_PATH)/CalculatorChallenge";
			};
			name = Debug;
		};
		1CA00FC22E624A35006A7314 /* Release */ = {
			isa = XCBuildConfiguration;
			buildSettings = {
				BUNDLE_LOADER = "$(TEST_HOST)";
				CODE_SIGN_STYLE = Automatic;
				CURRENT_PROJECT_VERSION = 1;
				DEVELOPMENT_TEAM = 3SGXPJAJQJ;
				GENERATE_INFOPLIST_FILE = YES;
				IPHONEOS_DEPLOYMENT_TARGET = 18.5;
				MARKETING_VERSION = 1.0;
				PRODUCT_BUNDLE_IDENTIFIER = CTC.CalculatorChallengeTests;
				PRODUCT_NAME = "$(TARGET_NAME)";
				SWIFT_EMIT_LOC_STRINGS = NO;
				SWIFT_VERSION = 5.0;
				TARGETED_DEVICE_FAMILY = "1,2";
				TEST_HOST = "$(BUILT_PRODUCTS_DIR)/CalculatorChallenge.app/$(BUNDLE_EXECUTABLE_FOLDER_PATH)/CalculatorChallenge";
			};
			name = Release;
		};
		1CA00FC42E624A35006A7314 /* Debug */ = {
			isa = XCBuildConfiguration;
			buildSettings = {
				CODE_SIGN_STYLE = Automatic;
				CURRENT_PROJECT_VERSION = 1;
				DEVELOPMENT_TEAM = 3SGXPJAJQJ;
				GENERATE_INFOPLIST_FILE = YES;
				MARKETING_VERSION = 1.0;
				PRODUCT_BUNDLE_IDENTIFIER = CTC.CalculatorChallengeUITests;
				PRODUCT_NAME = "$(TARGET_NAME)";
				SWIFT_EMIT_LOC_STRINGS = NO;
				SWIFT_VERSION = 5.0;
				TARGETED_DEVICE_FAMILY = "1,2";
				TEST_TARGET_NAME = CalculatorChallenge;
			};
			name = Debug;
		};
		1CA00FC52E624A35006A7314 /* Release */ = {
			isa = XCBuildConfiguration;
			buildSettings = {
				CODE_SIGN_STYLE = Automatic;
				CURRENT_PROJECT_VERSION = 1;
				DEVELOPMENT_TEAM = 3SGXPJAJQJ;
				GENERATE_INFOPLIST_FILE = YES;
				MARKETING_VERSION = 1.0;
				PRODUCT_BUNDLE_IDENTIFIER = CTC.CalculatorChallengeUITests;
				PRODUCT_NAME = "$(TARGET_NAME)";
				SWIFT_EMIT_LOC_STRINGS = NO;
				SWIFT_VERSION = 5.0;
				TARGETED_DEVICE_FAMILY = "1,2";
				TEST_TARGET_NAME = CalculatorChallenge;
			};
			name = Release;
		};
/* End XCBuildConfiguration section */

/* Begin XCConfigurationList section */
		1CA00F972E624A33006A7314 /* Build configuration list for PBXProject "CalculatorChallenge" */ = {
			isa = XCConfigurationList;
			buildConfigurations = (
				1CA00FBB2E624A35006A7314 /* Debug */,
				1CA00FBC2E624A35006A7314 /* Release */,
			);
			defaultConfigurationIsVisible = 0;
			defaultConfigurationName = Release;
		};
		1CA00FBD2E624A35006A7314 /* Build configuration list for PBXNativeTarget "CalculatorChallenge" */ = {
			isa = XCConfigurationList;
			buildConfigurations = (
				1CA00FBE2E624A35006A7314 /* Debug */,
				1CA00FBF2E624A35006A7314 /* Release */,
			);
			defaultConfigurationIsVisible = 0;
			defaultConfigurationName = Release;
		};
		1CA00FC02E624A35006A7314 /* Build configuration list for PBXNativeTarget "CalculatorChallengeTests" */ = {
			isa = XCConfigurationList;
			buildConfigurations = (
				1CA00FC12E624A35006A7314 /* Debug */,
				1CA00FC22E624A35006A7314 /* Release */,
			);
			defaultConfigurationIsVisible = 0;
			defaultConfigurationName = Release;
		};
		1CA00FC32E624A35006A7314 /* Build configuration list for PBXNativeTarget "CalculatorChallengeUITests" */ = {
			isa = XCConfigurationList;
			buildConfigurations = (
				1CA00FC42E624A35006A7314 /* Debug */,
				1CA00FC52E624A35006A7314 /* Release */,
			);
			defaultConfigurationIsVisible = 0;
			defaultConfigurationName = Release;
		};
/* End XCConfigurationList section */
	};
	rootObject = 1CA00F942E624A33006A7314 /* Project object */;
}
